
Microsoft Visual Studio Solution File, Format Version 12.00
# Visual Studio Version 16
VisualStudioVersion = 16.0.31005.135
MinimumVisualStudioVersion = 10.0.40219.1
Project("{FAE04EC0-301F-11D3-BF4B-00C04F79EFBC}") = "Serial Tester", "Serial Tester.csproj", "{414FC94B-F916-4A41-953B-FA6CD6504C2D}"
EndProject
Global
	GlobalSection(SolutionConfigurationPlatforms) = preSolution
		Debug|Any CPU = Debug|Any CPU
		Release|Any CPU = Release|Any CPU
	EndGlobalSection
	GlobalSection(ProjectConfigurationPlatforms) = postSolution
		{414FC94B-F916-4A41-953B-FA6CD6504C2D}.Debug|Any CPU.ActiveCfg = Debug|Any CPU
		{414FC94B-F916-4A41-953B-FA6CD6504C2D}.Debug|Any CPU.Build.0 = Debug|Any CPU
		{414FC94B-F916-4A41-953B-FA6CD6504C2D}.Release|Any CPU.ActiveCfg = Release|Any CPU
		{414FC94B-F916-4A41-953B-FA6CD6504C2D}.Release|Any CPU.Build.0 = Release|Any CPU
	EndGlobalSection
	GlobalSection(SolutionProperties) = preSolution
		HideSolutionNode = FALSE
	EndGlobalSection
	GlobalSection(ExtensibilityGlobals) = postSolution
		SolutionGuid = {03037417-AE35-4D2B-B0ED-C1329319A852}
	EndGlobalSection
EndGlobal
